
Microsoft Visual Studio Solution File, Format Version 12.00
# Visual Studio 15
VisualStudioVersion = 15.0.26730.16
MinimumVisualStudioVersion = 10.0.40219.1
Project("{2150E333-8FDC-42A3-9474-1A3956D46DE8}") = "Web", "Web", "{56CE350C-BF78-426A-AE37-DB3993B46089}"
EndProject
Project("{2150E333-8FDC-42A3-9474-1A3956D46DE8}") = "Middleware", "Middleware", "{4AEC2A72-847C-4C10-8202-340226EF6687}"
EndProject
Project("{9A19103F-16F7-4668-BE54-9A1E7A4F7556}") = "Drapo", "Middleware\Drapo\Drapo.csproj", "{C8731024-4269-493B-AB60-97F0621DD66E}"
EndProject
Project("{9A19103F-16F7-4668-BE54-9A1E7A4F7556}") = "WebDrapo", "Web\WebDrapo\WebDrapo.csproj", "{0A812E85-A0A1-4AB8-9B81-2CE04004FB97}"
	ProjectSection(ProjectDependencies) = postProject
		{E8344869-35F6-4249-8ABE-55AE97BEEC1E} = {E8344869-35F6-4249-8ABE-55AE97BEEC1E}
	EndProjectSection
EndProject
Project("{2150E333-8FDC-42A3-9474-1A3956D46DE8}") = "Test", "Test", "{B04B6C46-3828-4889-98F6-C4F566C81168}"
EndProject
Project("{9A19103F-16F7-4668-BE54-9A1E7A4F7556}") = "WebDrapo.Test", "Test\WebDrapo.Test\WebDrapo.Test.csproj", "{E8344869-35F6-4249-8ABE-55AE97BEEC1E}"
EndProject
Global
	GlobalSection(SolutionConfigurationPlatforms) = preSolution
		Debug|Any CPU = Debug|Any CPU
		Release|Any CPU = Release|Any CPU
	EndGlobalSection
	GlobalSection(ProjectConfigurationPlatforms) = postSolution
		{C8731024-4269-493B-AB60-97F0621DD66E}.Debug|Any CPU.ActiveCfg = Debug|Any CPU
		{C8731024-4269-493B-AB60-97F0621DD66E}.Debug|Any CPU.Build.0 = Debug|Any CPU
		{C8731024-4269-493B-AB60-97F0621DD66E}.Release|Any CPU.ActiveCfg = Release|Any CPU
		{C8731024-4269-493B-AB60-97F0621DD66E}.Release|Any CPU.Build.0 = Release|Any CPU
		{0A812E85-A0A1-4AB8-9B81-2CE04004FB97}.Debug|Any CPU.ActiveCfg = Debug|Any CPU
		{0A812E85-A0A1-4AB8-9B81-2CE04004FB97}.Debug|Any CPU.Build.0 = Debug|Any CPU
		{0A812E85-A0A1-4AB8-9B81-2CE04004FB97}.Release|Any CPU.ActiveCfg = Release|Any CPU
		{0A812E85-A0A1-4AB8-9B81-2CE04004FB97}.Release|Any CPU.Build.0 = Release|Any CPU
		{E8344869-35F6-4249-8ABE-55AE97BEEC1E}.Debug|Any CPU.ActiveCfg = Debug|Any CPU
		{E8344869-35F6-4249-8ABE-55AE97BEEC1E}.Debug|Any CPU.Build.0 = Debug|Any CPU
		{E8344869-35F6-4249-8ABE-55AE97BEEC1E}.Release|Any CPU.ActiveCfg = Release|Any CPU
		{E8344869-35F6-4249-8ABE-55AE97BEEC1E}.Release|Any CPU.Build.0 = Release|Any CPU
	EndGlobalSection
	GlobalSection(SolutionProperties) = preSolution
		HideSolutionNode = FALSE
	EndGlobalSection
	GlobalSection(NestedProjects) = preSolution
		{C8731024-4269-493B-AB60-97F0621DD66E} = {4AEC2A72-847C-4C10-8202-340226EF6687}
		{0A812E85-A0A1-4AB8-9B81-2CE04004FB97} = {56CE350C-BF78-426A-AE37-DB3993B46089}
		{E8344869-35F6-4249-8ABE-55AE97BEEC1E} = {B04B6C46-3828-4889-98F6-C4F566C81168}
	EndGlobalSection
	GlobalSection(ExtensibilityGlobals) = postSolution
		SolutionGuid = {078869C5-0850-4955-8361-4A645BAFCFEA}
	EndGlobalSection
EndGlobal
